// !$*UTF8*$!
{
	archiveVersion = 1;
	classes = {
	};
	objectVersion = 50;
	objects = {

/* Begin PBXBuildFile section */
		3D06902621786CD50058EF33 /* Main.storyboard in Resources */ = {isa = PBXBuildFile; fileRef = 3D06902421786CD50058EF33 /* Main.storyboard */; };
		3D06902821786CD70058EF33 /* Assets.xcassets in Resources */ = {isa = PBXBuildFile; fileRef = 3D06902721786CD70058EF33 /* Assets.xcassets */; };
		3D06902B21786CD70058EF33 /* LaunchScreen.storyboard in Resources */ = {isa = PBXBuildFile; fileRef = 3D06902921786CD70058EF33 /* LaunchScreen.storyboard */; };
		3D06902E21786CD70058EF33 /* main.m in Sources */ = {isa = PBXBuildFile; fileRef = 3D06902D21786CD70058EF33 /* main.m */; };
		3D06903821786CD70058EF33 /* watermarkCameraTests.m in Sources */ = {isa = PBXBuildFile; fileRef = 3D06903721786CD70058EF33 /* watermarkCameraTests.m */; };
		3D06904321786CD70058EF33 /* watermarkCameraUITests.m in Sources */ = {isa = PBXBuildFile; fileRef = 3D06904221786CD70058EF33 /* watermarkCameraUITests.m */; };
		3D069059217DC8D80058EF33 /* UIView+Category.m in Sources */ = {isa = PBXBuildFile; fileRef = 3D069057217DC8D70058EF33 /* UIView+Category.m */; };
		3D4749952235FF6F000AC454 /* libMasonry.a in Frameworks */ = {isa = PBXBuildFile; fileRef = 3D4749942235FF6F000AC454 /* libMasonry.a */; };
		3D47499822360B86000AC454 /* YViewController.m in Sources */ = {isa = PBXBuildFile; fileRef = 3D47499722360B86000AC454 /* YViewController.m */; };
		3D47499B22360EAA000AC454 /* YWaterView.m in Sources */ = {isa = PBXBuildFile; fileRef = 3D47499A22360EAA000AC454 /* YWaterView.m */; };
		3D47499E22360FA9000AC454 /* QRCodeGenerator.m in Sources */ = {isa = PBXBuildFile; fileRef = 3D47499D22360FA9000AC454 /* QRCodeGenerator.m */; };
		3D4749A0223610EA000AC454 /* CoreImage.framework in Frameworks */ = {isa = PBXBuildFile; fileRef = 3D47499F223610EA000AC454 /* CoreImage.framework */; };
		3D4749A82236129A000AC454 /* YImageOverLayView.m in Sources */ = {isa = PBXBuildFile; fileRef = 3D4749A322361299000AC454 /* YImageOverLayView.m */; };
		3D4749A92236129A000AC454 /* YPreImageView.m in Sources */ = {isa = PBXBuildFile; fileRef = 3D4749A522361299000AC454 /* YPreImageView.m */; };
		3D4749AA2236129A000AC454 /* YWaterMarkViewController.m in Sources */ = {isa = PBXBuildFile; fileRef = 3D4749A722361299000AC454 /* YWaterMarkViewController.m */; };
		3D4749B822363844000AC454 /* AES128Util.m in Sources */ = {isa = PBXBuildFile; fileRef = 3D4749B022363844000AC454 /* AES128Util.m */; };
		3D4749B922363844000AC454 /* GTMBase64.m in Sources */ = {isa = PBXBuildFile; fileRef = 3D4749B222363844000AC454 /* GTMBase64.m */; };
		3D4749BA22363844000AC454 /* NSData+ASE128.m in Sources */ = {isa = PBXBuildFile; fileRef = 3D4749B522363844000AC454 /* NSData+ASE128.m */; };
		3D4749BB22363844000AC454 /* SFHFKeychainUtils.m in Sources */ = {isa = PBXBuildFile; fileRef = 3D4749B722363844000AC454 /* SFHFKeychainUtils.m */; };
		3DF3CBB52186B0500029F443 /* AppDelegate.m in Sources */ = {isa = PBXBuildFile; fileRef = 3DF3CBB42186B0500029F443 /* AppDelegate.m */; };
		3DF3CBB72186B4D90029F443 /* CoreLocation.framework in Frameworks */ = {isa = PBXBuildFile; fileRef = 3DF3CBB62186B4D80029F443 /* CoreLocation.framework */; };
/* End PBXBuildFile section */

/* Begin PBXContainerItemProxy section */
		3D06903421786CD70058EF33 /* PBXContainerItemProxy */ = {
			isa = PBXContainerItemProxy;
			containerPortal = 3D06901321786CD50058EF33 /* Project object */;
			proxyType = 1;
			remoteGlobalIDString = 3D06901A21786CD50058EF33;
			remoteInfo = watermarkCamera;
		};
		3D06903F21786CD70058EF33 /* PBXContainerItemProxy */ = {
			isa = PBXContainerItemProxy;
			containerPortal = 3D06901321786CD50058EF33 /* Project object */;
			proxyType = 1;
			remoteGlobalIDString = 3D06901A21786CD50058EF33;
			remoteInfo = watermarkCamera;
		};
/* End PBXContainerItemProxy section */

/* Begin PBXFileReference section */
		059AE1B3AF9BA0937C8E56C4 /* libPods-watermarkCamera.a */ = {isa = PBXFileReference; explicitFileType = archive.ar; includeInIndex = 0; path = "libPods-watermarkCamera.a"; sourceTree = BUILT_PRODUCTS_DIR; };
		3D06901B21786CD50058EF33 /* watermarkCamera.app */ = {isa = PBXFileReference; explicitFileType = wrapper.application; includeInIndex = 0; path = watermarkCamera.app; sourceTree = BUILT_PRODUCTS_DIR; };
		3D06901E21786CD50058EF33 /* AppDelegate.h */ = {isa = PBXFileReference; lastKnownFileType = sourcecode.c.h; path = AppDelegate.h; sourceTree = "<group>"; };
		3D06902521786CD50058EF33 /* Base */ = {isa = PBXFileReference; lastKnownFileType = file.storyboard; name = Base; path = Base.lproj/Main.storyboard; sourceTree = "<group>"; };
		3D06902721786CD70058EF33 /* Assets.xcassets */ = {isa = PBXFileReference; lastKnownFileType = folder.assetcatalog; path = Assets.xcassets; sourceTree = "<group>"; };
		3D06902A21786CD70058EF33 /* Base */ = {isa = PBXFileReference; lastKnownFileType = file.storyboard; name = Base; path = Base.lproj/LaunchScreen.storyboard; sourceTree = "<group>"; };
		3D06902C21786CD70058EF33 /* Info.plist */ = {isa = PBXFileReference; lastKnownFileType = text.plist.xml; path = Info.plist; sourceTree = "<group>"; };
		3D06902D21786CD70058EF33 /* main.m */ = {isa = PBXFileReference; lastKnownFileType = sourcecode.c.objc; path = main.m; sourceTree = "<group>"; };
		3D06903321786CD70058EF33 /* watermarkCameraTests.xctest */ = {isa = PBXFileReference; explicitFileType = wrapper.cfbundle; includeInIndex = 0; path = watermarkCameraTests.xctest; sourceTree = BUILT_PRODUCTS_DIR; };
		3D06903721786CD70058EF33 /* watermarkCameraTests.m */ = {isa = PBXFileReference; lastKnownFileType = sourcecode.c.objc; path = watermarkCameraTests.m; sourceTree = "<group>"; };
		3D06903921786CD70058EF33 /* Info.plist */ = {isa = PBXFileReference; lastKnownFileType = text.plist.xml; path = Info.plist; sourceTree = "<group>"; };
		3D06903E21786CD70058EF33 /* watermarkCameraUITests.xctest */ = {isa = PBXFileReference; explicitFileType = wrapper.cfbundle; includeInIndex = 0; path = watermarkCameraUITests.xctest; sourceTree = BUILT_PRODUCTS_DIR; };
		3D06904221786CD70058EF33 /* watermarkCameraUITests.m */ = {isa = PBXFileReference; lastKnownFileType = sourcecode.c.objc; path = watermarkCameraUITests.m; sourceTree = "<group>"; };
		3D06904421786CD70058EF33 /* Info.plist */ = {isa = PBXFileReference; lastKnownFileType = text.plist.xml; path = Info.plist; sourceTree = "<group>"; };
		3D069057217DC8D70058EF33 /* UIView+Category.m */ = {isa = PBXFileReference; fileEncoding = 4; lastKnownFileType = sourcecode.c.objc; path = "UIView+Category.m"; sourceTree = "<group>"; };
		3D069058217DC8D80058EF33 /* UIView+Category.h */ = {isa = PBXFileReference; fileEncoding = 4; lastKnownFileType = sourcecode.c.h; path = "UIView+Category.h"; sourceTree = "<group>"; };
		3D4749942235FF6F000AC454 /* libMasonry.a */ = {isa = PBXFileReference; explicitFileType = archive.ar; path = libMasonry.a; sourceTree = BUILT_PRODUCTS_DIR; };
		3D47499622360B86000AC454 /* YViewController.h */ = {isa = PBXFileReference; lastKnownFileType = sourcecode.c.h; path = YViewController.h; sourceTree = "<group>"; };
		3D47499722360B86000AC454 /* YViewController.m */ = {isa = PBXFileReference; lastKnownFileType = sourcecode.c.objc; path = YViewController.m; sourceTree = "<group>"; };
		3D47499922360EAA000AC454 /* YWaterView.h */ = {isa = PBXFileReference; lastKnownFileType = sourcecode.c.h; path = YWaterView.h; sourceTree = "<group>"; };
		3D47499A22360EAA000AC454 /* YWaterView.m */ = {isa = PBXFileReference; lastKnownFileType = sourcecode.c.objc; path = YWaterView.m; sourceTree = "<group>"; };
		3D47499C22360FA9000AC454 /* QRCodeGenerator.h */ = {isa = PBXFileReference; fileEncoding = 4; lastKnownFileType = sourcecode.c.h; path = QRCodeGenerator.h; sourceTree = "<group>"; };
		3D47499D22360FA9000AC454 /* QRCodeGenerator.m */ = {isa = PBXFileReference; fileEncoding = 4; lastKnownFileType = sourcecode.c.objc; path = QRCodeGenerator.m; sourceTree = "<group>"; };
		3D47499F223610EA000AC454 /* CoreImage.framework */ = {isa = PBXFileReference; lastKnownFileType = wrapper.framework; name = CoreImage.framework; path = System/Library/Frameworks/CoreImage.framework; sourceTree = SDKROOT; };
		3D4749A222361299000AC454 /* YImageOverLayView.h */ = {isa = PBXFileReference; fileEncoding = 4; lastKnownFileType = sourcecode.c.h; path = YImageOverLayView.h; sourceTree = "<group>"; };
		3D4749A322361299000AC454 /* YImageOverLayView.m */ = {isa = PBXFileReference; fileEncoding = 4; lastKnownFileType = sourcecode.c.objc; path = YImageOverLayView.m; sourceTree = "<group>"; };
		3D4749A422361299000AC454 /* YPreImageView.h */ = {isa = PBXFileReference; fileEncoding = 4; lastKnownFileType = sourcecode.c.h; path = YPreImageView.h; sourceTree = "<group>"; };
		3D4749A522361299000AC454 /* YPreImageView.m */ = {isa = PBXFileReference; fileEncoding = 4; lastKnownFileType = sourcecode.c.objc; path = YPreImageView.m; sourceTree = "<group>"; };
		3D4749A622361299000AC454 /* YWaterMarkViewController.h */ = {isa = PBXFileReference; fileEncoding = 4; lastKnownFileType = sourcecode.c.h; path = YWaterMarkViewController.h; sourceTree = "<group>"; };
		3D4749A722361299000AC454 /* YWaterMarkViewController.m */ = {isa = PBXFileReference; fileEncoding = 4; lastKnownFileType = sourcecode.c.objc; path = YWaterMarkViewController.m; sourceTree = "<group>"; };
		3D4749AF22363844000AC454 /* AES128Util.h */ = {isa = PBXFileReference; fileEncoding = 4; lastKnownFileType = sourcecode.c.h; path = AES128Util.h; sourceTree = "<group>"; };
		3D4749B022363844000AC454 /* AES128Util.m */ = {isa = PBXFileReference; fileEncoding = 4; lastKnownFileType = sourcecode.c.objc; path = AES128Util.m; sourceTree = "<group>"; };
		3D4749B122363844000AC454 /* GTMBase64.h */ = {isa = PBXFileReference; fileEncoding = 4; lastKnownFileType = sourcecode.c.h; path = GTMBase64.h; sourceTree = "<group>"; };
		3D4749B222363844000AC454 /* GTMBase64.m */ = {isa = PBXFileReference; fileEncoding = 4; lastKnownFileType = sourcecode.c.objc; path = GTMBase64.m; sourceTree = "<group>"; };
		3D4749B322363844000AC454 /* GTMDefines.h */ = {isa = PBXFileReference; fileEncoding = 4; lastKnownFileType = sourcecode.c.h; path = GTMDefines.h; sourceTree = "<group>"; };
		3D4749B422363844000AC454 /* NSData+ASE128.h */ = {isa = PBXFileReference; fileEncoding = 4; lastKnownFileType = sourcecode.c.h; path = "NSData+ASE128.h"; sourceTree = "<group>"; };
		3D4749B522363844000AC454 /* NSData+ASE128.m */ = {isa = PBXFileReference; fileEncoding = 4; lastKnownFileType = sourcecode.c.objc; path = "NSData+ASE128.m"; sourceTree = "<group>"; };
		3D4749B622363844000AC454 /* SFHFKeychainUtils.h */ = {isa = PBXFileReference; fileEncoding = 4; lastKnownFileType = sourcecode.c.h; path = SFHFKeychainUtils.h; sourceTree = "<group>"; };
		3D4749B722363844000AC454 /* SFHFKeychainUtils.m */ = {isa = PBXFileReference; fileEncoding = 4; lastKnownFileType = sourcecode.c.objc; path = SFHFKeychainUtils.m; sourceTree = "<group>"; };
		3DF3CBB42186B0500029F443 /* AppDelegate.m */ = {isa = PBXFileReference; fileEncoding = 4; lastKnownFileType = sourcecode.c.objc; path = AppDelegate.m; sourceTree = "<group>"; };
		3DF3CBB62186B4D80029F443 /* CoreLocation.framework */ = {isa = PBXFileReference; lastKnownFileType = wrapper.framework; name = CoreLocation.framework; path = System/Library/Frameworks/CoreLocation.framework; sourceTree = SDKROOT; };
		5A8E1180D537A18DEA7525A0 /* Pods-watermarkCamera.debug.xcconfig */ = {isa = PBXFileReference; includeInIndex = 1; lastKnownFileType = text.xcconfig; name = "Pods-watermarkCamera.debug.xcconfig"; path = "Pods/Target Support Files/Pods-watermarkCamera/Pods-watermarkCamera.debug.xcconfig"; sourceTree = "<group>"; };
		E67C47C843B2E5527CFDD7E8 /* Pods-watermarkCamera.release.xcconfig */ = {isa = PBXFileReference; includeInIndex = 1; lastKnownFileType = text.xcconfig; name = "Pods-watermarkCamera.release.xcconfig"; path = "Pods/Target Support Files/Pods-watermarkCamera/Pods-watermarkCamera.release.xcconfig"; sourceTree = "<group>"; };
/* End PBXFileReference section */

/* Begin PBXFrameworksBuildPhase section */
		3D06901821786CD50058EF33 /* Frameworks */ = {
			isa = PBXFrameworksBuildPhase;
			buildActionMask = 2147483647;
			files = (
				3D4749A0223610EA000AC454 /* CoreImage.framework in Frameworks */,
				3D4749952235FF6F000AC454 /* libMasonry.a in Frameworks */,
				3DF3CBB72186B4D90029F443 /* CoreLocation.framework in Frameworks */,
			);
			runOnlyForDeploymentPostprocessing = 0;
		};
		3D06903021786CD70058EF33 /* Frameworks */ = {
			isa = PBXFrameworksBuildPhase;
			buildActionMask = 2147483647;
			files = (
			);
			runOnlyForDeploymentPostprocessing = 0;
		};
		3D06903B21786CD70058EF33 /* Frameworks */ = {
			isa = PBXFrameworksBuildPhase;
			buildActionMask = 2147483647;
			files = (
			);
			runOnlyForDeploymentPostprocessing = 0;
		};
/* End PBXFrameworksBuildPhase section */

/* Begin PBXGroup section */
		0A4AAA3ABD753A1BD028C366 /* Frameworks */ = {
			isa = PBXGroup;
			children = (
				3D47499F223610EA000AC454 /* CoreImage.framework */,
				3D4749942235FF6F000AC454 /* libMasonry.a */,
				3DF3CBB62186B4D80029F443 /* CoreLocation.framework */,
				059AE1B3AF9BA0937C8E56C4 /* libPods-watermarkCamera.a */,
			);
			name = Frameworks;
			sourceTree = "<group>";
		};
		3D06901221786CD50058EF33 = {
			isa = PBXGroup;
			children = (
				3D06901D21786CD50058EF33 /* watermarkCamera */,
				3D06903621786CD70058EF33 /* watermarkCameraTests */,
				3D06904121786CD70058EF33 /* watermarkCameraUITests */,
				3D06901C21786CD50058EF33 /* Products */,
				CA96192F0E56C181E2BE4D3E /* Pods */,
				0A4AAA3ABD753A1BD028C366 /* Frameworks */,
			);
			sourceTree = "<group>";
		};
		3D06901C21786CD50058EF33 /* Products */ = {
			isa = PBXGroup;
			children = (
				3D06901B21786CD50058EF33 /* watermarkCamera.app */,
				3D06903321786CD70058EF33 /* watermarkCameraTests.xctest */,
				3D06903E21786CD70058EF33 /* watermarkCameraUITests.xctest */,
			);
			name = Products;
			sourceTree = "<group>";
		};
		3D06901D21786CD50058EF33 /* watermarkCamera */ = {
			isa = PBXGroup;
			children = (
				3D4749AE22363844000AC454 /* AES128 */,
				3D4749A122361299000AC454 /* waterMark */,
				3D06901E21786CD50058EF33 /* AppDelegate.h */,
				3DF3CBB42186B0500029F443 /* AppDelegate.m */,
				3D47499622360B86000AC454 /* YViewController.h */,
				3D47499722360B86000AC454 /* YViewController.m */,
				3D069058217DC8D80058EF33 /* UIView+Category.h */,
				3D069057217DC8D70058EF33 /* UIView+Category.m */,
				3D06902421786CD50058EF33 /* Main.storyboard */,
				3D06902721786CD70058EF33 /* Assets.xcassets */,
				3D06902921786CD70058EF33 /* LaunchScreen.storyboard */,
				3D06902C21786CD70058EF33 /* Info.plist */,
				3D06902D21786CD70058EF33 /* main.m */,
			);
			path = watermarkCamera;
			sourceTree = "<group>";
		};
		3D06903621786CD70058EF33 /* watermarkCameraTests */ = {
			isa = PBXGroup;
			children = (
				3D06903721786CD70058EF33 /* watermarkCameraTests.m */,
				3D06903921786CD70058EF33 /* Info.plist */,
			);
			path = watermarkCameraTests;
			sourceTree = "<group>";
		};
		3D06904121786CD70058EF33 /* watermarkCameraUITests */ = {
			isa = PBXGroup;
			children = (
				3D06904221786CD70058EF33 /* watermarkCameraUITests.m */,
				3D06904421786CD70058EF33 /* Info.plist */,
			);
			path = watermarkCameraUITests;
			sourceTree = "<group>";
		};
		3D4749A122361299000AC454 /* waterMark */ = {
			isa = PBXGroup;
			children = (
				3D47499C22360FA9000AC454 /* QRCodeGenerator.h */,
				3D47499D22360FA9000AC454 /* QRCodeGenerator.m */,
				3D4749A222361299000AC454 /* YImageOverLayView.h */,
				3D4749A322361299000AC454 /* YImageOverLayView.m */,
				3D4749A422361299000AC454 /* YPreImageView.h */,
				3D4749A522361299000AC454 /* YPreImageView.m */,
				3D4749A622361299000AC454 /* YWaterMarkViewController.h */,
				3D4749A722361299000AC454 /* YWaterMarkViewController.m */,
				3D47499922360EAA000AC454 /* YWaterView.h */,
				3D47499A22360EAA000AC454 /* YWaterView.m */,
			);
			path = waterMark;
			sourceTree = "<group>";
		};
		3D4749AE22363844000AC454 /* AES128 */ = {
			isa = PBXGroup;
			children = (
				3D4749AF22363844000AC454 /* AES128Util.h */,
				3D4749B022363844000AC454 /* AES128Util.m */,
				3D4749B122363844000AC454 /* GTMBase64.h */,
				3D4749B222363844000AC454 /* GTMBase64.m */,
				3D4749B322363844000AC454 /* GTMDefines.h */,
				3D4749B422363844000AC454 /* NSData+ASE128.h */,
				3D4749B522363844000AC454 /* NSData+ASE128.m */,
				3D4749B622363844000AC454 /* SFHFKeychainUtils.h */,
				3D4749B722363844000AC454 /* SFHFKeychainUtils.m */,
			);
			path = AES128;
			sourceTree = "<group>";
		};
		CA96192F0E56C181E2BE4D3E /* Pods */ = {
			isa = PBXGroup;
			children = (
				5A8E1180D537A18DEA7525A0 /* Pods-watermarkCamera.debug.xcconfig */,
				E67C47C843B2E5527CFDD7E8 /* Pods-watermarkCamera.release.xcconfig */,
			);
			name = Pods;
			sourceTree = "<group>";
		};
/* End PBXGroup section */

/* Begin PBXNativeTarget section */
		3D06901A21786CD50058EF33 /* watermarkCamera */ = {
			isa = PBXNativeTarget;
			buildConfigurationList = 3D06904721786CD70058EF33 /* Build configuration list for PBXNativeTarget "watermarkCamera" */;
			buildPhases = (
				1CD7A0CBC34F41158B1B6779 /* [CP] Check Pods Manifest.lock */,
				3D06901721786CD50058EF33 /* Sources */,
				3D06901821786CD50058EF33 /* Frameworks */,
				3D06901921786CD50058EF33 /* Resources */,
				6AB3A12566773043182C12E8 /* [CP] Embed Pods Frameworks */,
				EEF6A3E7DD9C14EE3EAF270D /* [CP] Copy Pods Resources */,
			);
			buildRules = (
			);
			dependencies = (
			);
			name = watermarkCamera;
			productName = watermarkCamera;
			productReference = 3D06901B21786CD50058EF33 /* watermarkCamera.app */;
			productType = "com.apple.product-type.application";
		};
		3D06903221786CD70058EF33 /* watermarkCameraTests */ = {
			isa = PBXNativeTarget;
			buildConfigurationList = 3D06904A21786CD70058EF33 /* Build configuration list for PBXNativeTarget "watermarkCameraTests" */;
			buildPhases = (
				3D06902F21786CD70058EF33 /* Sources */,
				3D06903021786CD70058EF33 /* Frameworks */,
				3D06903121786CD70058EF33 /* Resources */,
			);
			buildRules = (
			);
			dependencies = (
				3D06903521786CD70058EF33 /* PBXTargetDependency */,
			);
			name = watermarkCameraTests;
			productName = watermarkCameraTests;
			productReference = 3D06903321786CD70058EF33 /* watermarkCameraTests.xctest */;
			productType = "com.apple.product-type.bundle.unit-test";
		};
		3D06903D21786CD70058EF33 /* watermarkCameraUITests */ = {
			isa = PBXNativeTarget;
			buildConfigurationList = 3D06904D21786CD70058EF33 /* Build configuration list for PBXNativeTarget "watermarkCameraUITests" */;
			buildPhases = (
				3D06903A21786CD70058EF33 /* Sources */,
				3D06903B21786CD70058EF33 /* Frameworks */,
				3D06903C21786CD70058EF33 /* Resources */,
			);
			buildRules = (
			);
			dependencies = (
				3D06904021786CD70058EF33 /* PBXTargetDependency */,
			);
			name = watermarkCameraUITests;
			productName = watermarkCameraUITests;
			productReference = 3D06903E21786CD70058EF33 /* watermarkCameraUITests.xctest */;
			productType = "com.apple.product-type.bundle.ui-testing";
		};
/* End PBXNativeTarget section */

/* Begin PBXProject section */
		3D06901321786CD50058EF33 /* Project object */ = {
			isa = PBXProject;
			attributes = {
				CLASSPREFIX = Y;
				LastUpgradeCheck = 0940;
				ORGANIZATIONNAME = ouyang151;
				TargetAttributes = {
					3D06901A21786CD50058EF33 = {
						CreatedOnToolsVersion = 9.4.1;
					};
					3D06903221786CD70058EF33 = {
						CreatedOnToolsVersion = 9.4.1;
						TestTargetID = 3D06901A21786CD50058EF33;
					};
					3D06903D21786CD70058EF33 = {
						CreatedOnToolsVersion = 9.4.1;
						TestTargetID = 3D06901A21786CD50058EF33;
					};
				};
			};
			buildConfigurationList = 3D06901621786CD50058EF33 /* Build configuration list for PBXProject "watermarkCamera" */;
			compatibilityVersion = "Xcode 9.3";
			developmentRegion = en;
			hasScannedForEncodings = 0;
			knownRegions = (
				en,
				Base,
			);
			mainGroup = 3D06901221786CD50058EF33;
			productRefGroup = 3D06901C21786CD50058EF33 /* Products */;
			projectDirPath = "";
			projectRoot = "";
			targets = (
				3D06901A21786CD50058EF33 /* watermarkCamera */,
				3D06903221786CD70058EF33 /* watermarkCameraTests */,
				3D06903D21786CD70058EF33 /* watermarkCameraUITests */,
			);
		};
/* End PBXProject section */

/* Begin PBXResourcesBuildPhase section */
		3D06901921786CD50058EF33 /* Resources */ = {
			isa = PBXResourcesBuildPhase;
			buildActionMask = 2147483647;
			files = (
				3D06902B21786CD70058EF33 /* LaunchScreen.storyboard in Resources */,
				3D06902821786CD70058EF33 /* Assets.xcassets in Resources */,
				3D06902621786CD50058EF33 /* Main.storyboard in Resources */,
			);
			runOnlyForDeploymentPostprocessing = 0;
		};
		3D06903121786CD70058EF33 /* Resources */ = {
			isa = PBXResourcesBuildPhase;
			buildActionMask = 2147483647;
			files = (
			);
			runOnlyForDeploymentPostprocessing = 0;
		};
		3D06903C21786CD70058EF33 /* Resources */ = {
			isa = PBXResourcesBuildPhase;
			buildActionMask = 2147483647;
			files = (
			);
			runOnlyForDeploymentPostprocessing = 0;
		};
/* End PBXResourcesBuildPhase section */

/* Begin PBXShellScriptBuildPhase section */
		1CD7A0CBC34F41158B1B6779 /* [CP] Check Pods Manifest.lock */ = {
			isa = PBXShellScriptBuildPhase;
			buildActionMask = 2147483647;
			files = (
			);
			inputPaths = (
				"${PODS_PODFILE_DIR_PATH}/Podfile.lock",
				"${PODS_ROOT}/Manifest.lock",
			);
			name = "[CP] Check Pods Manifest.lock";
			outputPaths = (
				"$(DERIVED_FILE_DIR)/Pods-watermarkCamera-checkManifestLockResult.txt",
			);
			runOnlyForDeploymentPostprocessing = 0;
			shellPath = /bin/sh;
			shellScript = "diff \"${PODS_PODFILE_DIR_PATH}/Podfile.lock\" \"${PODS_ROOT}/Manifest.lock\" > /dev/null\nif [ $? != 0 ] ; then\n    # print error to STDERR\n    echo \"error: The sandbox is not in sync with the Podfile.lock. Run 'pod install' or update your CocoaPods installation.\" >&2\n    exit 1\nfi\n# This output is used by Xcode 'outputs' to avoid re-running this script phase.\necho \"SUCCESS\" > \"${SCRIPT_OUTPUT_FILE_0}\"\n";
			showEnvVarsInLog = 0;
		};
		6AB3A12566773043182C12E8 /* [CP] Embed Pods Frameworks */ = {
			isa = PBXShellScriptBuildPhase;
			buildActionMask = 2147483647;
			files = (
			);
			inputPaths = (
			);
			name = "[CP] Embed Pods Frameworks";
			outputPaths = (
			);
			runOnlyForDeploymentPostprocessing = 0;
			shellPath = /bin/sh;
			shellScript = "\"${SRCROOT}/Pods/Target Support Files/Pods-watermarkCamera/Pods-watermarkCamera-frameworks.sh\"\n";
			showEnvVarsInLog = 0;
		};
		EEF6A3E7DD9C14EE3EAF270D /* [CP] Copy Pods Resources */ = {
			isa = PBXShellScriptBuildPhase;
			buildActionMask = 2147483647;
			files = (
			);
			inputPaths = (
			);
			name = "[CP] Copy Pods Resources";
			outputPaths = (
			);
			runOnlyForDeploymentPostprocessing = 0;
			shellPath = /bin/sh;
			shellScript = "\"${SRCROOT}/Pods/Target Support Files/Pods-watermarkCamera/Pods-watermarkCamera-resources.sh\"\n";
			showEnvVarsInLog = 0;
		};
/* End PBXShellScriptBuildPhase section */

/* Begin PBXSourcesBuildPhase section */
		3D06901721786CD50058EF33 /* Sources */ = {
			isa = PBXSourcesBuildPhase;
			buildActionMask = 2147483647;
			files = (
				3D4749BA22363844000AC454 /* NSData+ASE128.m in Sources */,
				3D4749A92236129A000AC454 /* YPreImageView.m in Sources */,
				3D4749BB22363844000AC454 /* SFHFKeychainUtils.m in Sources */,
				3D4749A82236129A000AC454 /* YImageOverLayView.m in Sources */,
				3D4749B922363844000AC454 /* GTMBase64.m in Sources */,
				3D06902E21786CD70058EF33 /* main.m in Sources */,
				3D47499822360B86000AC454 /* YViewController.m in Sources */,
				3DF3CBB52186B0500029F443 /* AppDelegate.m in Sources */,
				3D47499E22360FA9000AC454 /* QRCodeGenerator.m in Sources */,
				3D069059217DC8D80058EF33 /* UIView+Category.m in Sources */,
				3D47499B22360EAA000AC454 /* YWaterView.m in Sources */,
				3D4749AA2236129A000AC454 /* YWaterMarkViewController.m in Sources */,
				3D4749B822363844000AC454 /* AES128Util.m in Sources */,
			);
			runOnlyForDeploymentPostprocessing = 0;
		};
		3D06902F21786CD70058EF33 /* Sources */ = {
			isa = PBXSourcesBuildPhase;
			buildActionMask = 2147483647;
			files = (
				3D06903821786CD70058EF33 /* watermarkCameraTests.m in Sources */,
			);
			runOnlyForDeploymentPostprocessing = 0;
		};
		3D06903A21786CD70058EF33 /* Sources */ = {
			isa = PBXSourcesBuildPhase;
			buildActionMask = 2147483647;
			files = (
				3D06904321786CD70058EF33 /* watermarkCameraUITests.m in Sources */,
			);
			runOnlyForDeploymentPostprocessing = 0;
		};
/* End PBXSourcesBuildPhase section */

/* Begin PBXTargetDependency section */
		3D06903521786CD70058EF33 /* PBXTargetDependency */ = {
			isa = PBXTargetDependency;
			target = 3D06901A21786CD50058EF33 /* watermarkCamera */;
			targetProxy = 3D06903421786CD70058EF33 /* PBXContainerItemProxy */;
		};
		3D06904021786CD70058EF33 /* PBXTargetDependency */ = {
			isa = PBXTargetDependency;
			target = 3D06901A21786CD50058EF33 /* watermarkCamera */;
			targetProxy = 3D06903F21786CD70058EF33 /* PBXContainerItemProxy */;
		};
/* End PBXTargetDependency section */

/* Begin PBXVariantGroup section */
		3D06902421786CD50058EF33 /* Main.storyboard */ = {
			isa = PBXVariantGroup;
			children = (
				3D06902521786CD50058EF33 /* Base */,
			);
			name = Main.storyboard;
			sourceTree = "<group>";
		};
		3D06902921786CD70058EF33 /* LaunchScreen.storyboard */ = {
			isa = PBXVariantGroup;
			children = (
				3D06902A21786CD70058EF33 /* Base */,
			);
			name = LaunchScreen.storyboard;
			sourceTree = "<group>";
		};
/* End PBXVariantGroup section */

/* Begin XCBuildConfiguration section */
		3D06904521786CD70058EF33 /* Debug */ = {
			isa = XCBuildConfiguration;
			buildSettings = {
				ALWAYS_SEARCH_USER_PATHS = NO;
				CLANG_ANALYZER_NONNULL = YES;
				CLANG_ANALYZER_NUMBER_OBJECT_CONVERSION = YES_AGGRESSIVE;
				CLANG_CXX_LANGUAGE_STANDARD = "gnu++14";
				CLANG_CXX_LIBRARY = "libc++";
				CLANG_ENABLE_MODULES = YES;
				CLANG_ENABLE_OBJC_ARC = YES;
				CLANG_ENABLE_OBJC_WEAK = YES;
				CLANG_WARN_BLOCK_CAPTURE_AUTORELEASING = YES;
				CLANG_WARN_BOOL_CONVERSION = YES;
				CLANG_WARN_COMMA = YES;
				CLANG_WARN_CONSTANT_CONVERSION = YES;
				CLANG_WARN_DEPRECATED_OBJC_IMPLEMENTATIONS = YES;
				CLANG_WARN_DIRECT_OBJC_ISA_USAGE = YES_ERROR;
				CLANG_WARN_DOCUMENTATION_COMMENTS = YES;
				CLANG_WARN_EMPTY_BODY = YES;
				CLANG_WARN_ENUM_CONVERSION = YES;
				CLANG_WARN_INFINITE_RECURSION = YES;
				CLANG_WARN_INT_CONVERSION = YES;
				CLANG_WARN_NON_LITERAL_NULL_CONVERSION = YES;
				CLANG_WARN_OBJC_IMPLICIT_RETAIN_SELF = YES;
				CLANG_WARN_OBJC_LITERAL_CONVERSION = YES;
				CLANG_WARN_OBJC_ROOT_CLASS = YES_ERROR;
				CLANG_WARN_RANGE_LOOP_ANALYSIS = YES;
				CLANG_WARN_STRICT_PROTOTYPES = YES;
				CLANG_WARN_SUSPICIOUS_MOVE = YES;
				CLANG_WARN_UNGUARDED_AVAILABILITY = YES_AGGRESSIVE;
				CLANG_WARN_UNREACHABLE_CODE = YES;
				CLANG_WARN__DUPLICATE_METHOD_MATCH = YES;
				CODE_SIGN_IDENTITY = "iPhone Developer";
				COPY_PHASE_STRIP = NO;
				DEBUG_INFORMATION_FORMAT = dwarf;
				ENABLE_STRICT_OBJC_MSGSEND = YES;
				ENABLE_TESTABILITY = YES;
				GCC_C_LANGUAGE_STANDARD = gnu11;
				GCC_DYNAMIC_NO_PIC = NO;
				GCC_NO_COMMON_BLOCKS = YES;
				GCC_OPTIMIZATION_LEVEL = 0;
				GCC_PREPROCESSOR_DEFINITIONS = (
					"DEBUG=1",
					"$(inherited)",
				);
				GCC_WARN_64_TO_32_BIT_CONVERSION = YES;
				GCC_WARN_ABOUT_RETURN_TYPE = YES_ERROR;
				GCC_WARN_UNDECLARED_SELECTOR = YES;
				GCC_WARN_UNINITIALIZED_AUTOS = YES_AGGRESSIVE;
				GCC_WARN_UNUSED_FUNCTION = YES;
				GCC_WARN_UNUSED_VARIABLE = YES;
				IPHONEOS_DEPLOYMENT_TARGET = 9.0;
				MTL_ENABLE_DEBUG_INFO = YES;
				ONLY_ACTIVE_ARCH = YES;
				SDKROOT = iphoneos;
			};
			name = Debug;
		};
		3D06904621786CD70058EF33 /* Release */ = {
			isa = XCBuildConfiguration;
			buildSettings = {
				ALWAYS_SEARCH_USER_PATHS = NO;
				CLANG_ANALYZER_NONNULL = YES;
				CLANG_ANALYZER_NUMBER_OBJECT_CONVERSION = YES_AGGRESSIVE;
				CLANG_CXX_LANGUAGE_STANDARD = "gnu++14";
				CLANG_CXX_LIBRARY = "libc++";
				CLANG_ENABLE_MODULES = YES;
				CLANG_ENABLE_OBJC_ARC = YES;
				CLANG_ENABLE_OBJC_WEAK = YES;
				CLANG_WARN_BLOCK_CAPTURE_AUTORELEASING = YES;
				CLANG_WARN_BOOL_CONVERSION = YES;
				CLANG_WARN_COMMA = YES;
				CLANG_WARN_CONSTANT_CONVERSION = YES;
				CLANG_WARN_DEPRECATED_OBJC_IMPLEMENTATIONS = YES;
				CLANG_WARN_DIRECT_OBJC_ISA_USAGE = YES_ERROR;
				CLANG_WARN_DOCUMENTATION_COMMENTS = YES;
				CLANG_WARN_EMPTY_BODY = YES;
				CLANG_WARN_ENUM_CONVERSION = YES;
				CLANG_WARN_INFINITE_RECURSION = YES;
				CLANG_WARN_INT_CONVERSION = YES;
				CLANG_WARN_NON_LITERAL_NULL_CONVERSION = YES;
				CLANG_WARN_OBJC_IMPLICIT_RETAIN_SELF = YES;
				CLANG_WARN_OBJC_LITERAL_CONVERSION = YES;
				CLANG_WARN_OBJC_ROOT_CLASS = YES_ERROR;
				CLANG_WARN_RANGE_LOOP_ANALYSIS = YES;
				CLANG_WARN_STRICT_PROTOTYPES = YES;
				CLANG_WARN_SUSPICIOUS_MOVE = YES;
				CLANG_WARN_UNGUARDED_AVAILABILITY = YES_AGGRESSIVE;
				CLANG_WARN_UNREACHABLE_CODE = YES;
				CLANG_WARN__DUPLICATE_METHOD_MATCH = YES;
				CODE_SIGN_IDENTITY = "iPhone Developer";
				COPY_PHASE_STRIP = NO;
				DEBUG_INFORMATION_FORMAT = "dwarf-with-dsym";
				ENABLE_NS_ASSERTIONS = NO;
				ENABLE_STRICT_OBJC_MSGSEND = YES;
				GCC_C_LANGUAGE_STANDARD = gnu11;
				GCC_NO_COMMON_BLOCKS = YES;
				GCC_WARN_64_TO_32_BIT_CONVERSION = YES;
				GCC_WARN_ABOUT_RETURN_TYPE = YES_ERROR;
				GCC_WARN_UNDECLARED_SELECTOR = YES;
				GCC_WARN_UNINITIALIZED_AUTOS = YES_AGGRESSIVE;
				GCC_WARN_UNUSED_FUNCTION = YES;
				GCC_WARN_UNUSED_VARIABLE = YES;
				IPHONEOS_DEPLOYMENT_TARGET = 9.0;
				MTL_ENABLE_DEBUG_INFO = NO;
				SDKROOT = iphoneos;
				VALIDATE_PRODUCT = YES;
			};
			name = Release;
		};
		3D06904821786CD70058EF33 /* Debug */ = {
			isa = XCBuildConfiguration;
			baseConfigurationReference = 5A8E1180D537A18DEA7525A0 /* Pods-watermarkCamera.debug.xcconfig */;
			buildSettings = {
				ASSETCATALOG_COMPILER_APPICON_NAME = AppIcon;
				CODE_SIGN_STYLE = Automatic;
				DEVELOPMENT_TEAM = 645X6K34R6;
				INFOPLIST_FILE = watermarkCamera/Info.plist;
				LD_RUNPATH_SEARCH_PATHS = (
					"$(inherited)",
					"@executable_path/Frameworks",
				);
				PRODUCT_BUNDLE_IDENTIFIER = com.ouyang.watermarkCamera;
				PRODUCT_NAME = "$(TARGET_NAME)";
				TARGETED_DEVICE_FAMILY = "1,2";
			};
			name = Debug;
		};
		3D06904921786CD70058EF33 /* Release */ = {
			isa = XCBuildConfiguration;
			baseConfigurationReference = E67C47C843B2E5527CFDD7E8 /* Pods-watermarkCamera.release.xcconfig */;
			buildSettings = {
				ASSETCATALOG_COMPILER_APPICON_NAME = AppIcon;
				CODE_SIGN_STYLE = Automatic;
				DEVELOPMENT_TEAM = 645X6K34R6;
				INFOPLIST_FILE = watermarkCamera/Info.plist;
				LD_RUNPATH_SEARCH_PATHS = (
					"$(inherited)",
					"@executable_path/Frameworks",
				);
				PRODUCT_BUNDLE_IDENTIFIER = com.ouyang.watermarkCamera;
				PRODUCT_NAME = "$(TARGET_NAME)";
				TARGETED_DEVICE_FAMILY = "1,2";
			};
			name = Release;
		};
		3D06904B21786CD70058EF33 /* Debug */ = {
			isa = XCBuildConfiguration;
			buildSettings = {
				BUNDLE_LOADER = "$(TEST_HOST)";
				CODE_SIGN_STYLE = Automatic;
				INFOPLIST_FILE = watermarkCameraTests/Info.plist;
				LD_RUNPATH_SEARCH_PATHS = (
					"$(inherited)",
					"@executable_path/Frameworks",
					"@loader_path/Frameworks",
				);
				PRODUCT_BUNDLE_IDENTIFIER = com.ouyang.watermarkCameraTests;
				PRODUCT_NAME = "$(TARGET_NAME)";
				TARGETED_DEVICE_FAMILY = "1,2";
				TEST_HOST = "$(BUILT_PRODUCTS_DIR)/watermarkCamera.app/watermarkCamera";
			};
			name = Debug;
		};
		3D06904C21786CD70058EF33 /* Release */ = {
			isa = XCBuildConfiguration;
			buildSettings = {
				BUNDLE_LOADER = "$(TEST_HOST)";
				CODE_SIGN_STYLE = Automatic;
				INFOPLIST_FILE = watermarkCameraTests/Info.plist;
				LD_RUNPATH_SEARCH_PATHS = (
					"$(inherited)",
					"@executable_path/Frameworks",
					"@loader_path/Frameworks",
				);
				PRODUCT_BUNDLE_IDENTIFIER = com.ouyang.watermarkCameraTests;
				PRODUCT_NAME = "$(TARGET_NAME)";
				TARGETED_DEVICE_FAMILY = "1,2";
				TEST_HOST = "$(BUILT_PRODUCTS_DIR)/watermarkCamera.app/watermarkCamera";
			};
			name = Release;
		};
		3D06904E21786CD70058EF33 /* Debug */ = {
			isa = XCBuildConfiguration;
			buildSettings = {
				CODE_SIGN_STYLE = Automatic;
				INFOPLIST_FILE = watermarkCameraUITests/Info.plist;
				LD_RUNPATH_SEARCH_PATHS = (
					"$(inherited)",
					"@executable_path/Frameworks",
					"@loader_path/Frameworks",
				);
				PRODUCT_BUNDLE_IDENTIFIER = com.ouyang.watermarkCameraUITests;
				PRODUCT_NAME = "$(TARGET_NAME)";
				TARGETED_DEVICE_FAMILY = "1,2";
				TEST_TARGET_NAME = watermarkCamera;
			};
			name = Debug;
		};
		3D06904F21786CD70058EF33 /* Release */ = {
			isa = XCBuildConfiguration;
			buildSettings = {
				CODE_SIGN_STYLE = Automatic;
				INFOPLIST_FILE = watermarkCameraUITests/Info.plist;
				LD_RUNPATH_SEARCH_PATHS = (
					"$(inherited)",
					"@executable_path/Frameworks",
					"@loader_path/Frameworks",
				);
				PRODUCT_BUNDLE_IDENTIFIER = com.ouyang.watermarkCameraUITests;
				PRODUCT_NAME = "$(TARGET_NAME)";
				TARGETED_DEVICE_FAMILY = "1,2";
				TEST_TARGET_NAME = watermarkCamera;
			};
			name = Release;
		};
/* End XCBuildConfiguration section */

/* Begin XCConfigurationList section */
		3D06901621786CD50058EF33 /* Build configuration list for PBXProject "watermarkCamera" */ = {
			isa = XCConfigurationList;
			buildConfigurations = (
				3D06904521786CD70058EF33 /* Debug */,
				3D06904621786CD70058EF33 /* Release */,
			);
			defaultConfigurationIsVisible = 0;
			defaultConfigurationName = Release;
		};
		3D06904721786CD70058EF33 /* Build configuration list for PBXNativeTarget "watermarkCamera" */ = {
			isa = XCConfigurationList;
			buildConfigurations = (
				3D06904821786CD70058EF33 /* Debug */,
				3D06904921786CD70058EF33 /* Release */,
			);
			defaultConfigurationIsVisible = 0;
			defaultConfigurationName = Release;
		};
		3D06904A21786CD70058EF33 /* Build configuration list for PBXNativeTarget "watermarkCameraTests" */ = {
			isa = XCConfigurationList;
			buildConfigurations = (
				3D06904B21786CD70058EF33 /* Debug */,
				3D06904C21786CD70058EF33 /* Release */,
			);
			defaultConfigurationIsVisible = 0;
			defaultConfigurationName = Release;
		};
		3D06904D21786CD70058EF33 /* Build configuration list for PBXNativeTarget "watermarkCameraUITests" */ = {
			isa = XCConfigurationList;
			buildConfigurations = (
				3D06904E21786CD70058EF33 /* Debug */,
				3D06904F21786CD70058EF33 /* Release */,
			);
			defaultConfigurationIsVisible = 0;
			defaultConfigurationName = Release;
		};
/* End XCConfigurationList section */
	};
	rootObject = 3D06901321786CD50058EF33 /* Project object */;
}
